
Microsoft Visual Studio Solution File, Format Version 12.00
# Visual Studio Version 17
VisualStudioVersion = 17.1.32210.238
MinimumVisualStudioVersion = 10.0.40219.1
Project("{FAE04EC0-301F-11D3-BF4B-00C04F79EFBC}") = "MvcDataViews", "MvcDataViews\MvcDataViews.csproj", "{D206E198-02D7-401F-9E1C-E59436436E14}"
EndProject
Global
	GlobalSection(SolutionConfigurationPlatforms) = preSolution
		Debug|Any CPU = Debug|Any CPU
		Release|Any CPU = Release|Any CPU
	EndGlobalSection
	GlobalSection(ProjectConfigurationPlatforms) = postSolution
		{D206E198-02D7-401F-9E1C-E59436436E14}.Debug|Any CPU.ActiveCfg = Debug|Any CPU
		{D206E198-02D7-401F-9E1C-E59436436E14}.Debug|Any CPU.Build.0 = Debug|Any CPU
		{D206E198-02D7-401F-9E1C-E59436436E14}.Release|Any CPU.ActiveCfg = Release|Any CPU
		{D206E198-02D7-401F-9E1C-E59436436E14}.Release|Any CPU.Build.0 = Release|Any CPU
	EndGlobalSection
	GlobalSection(SolutionProperties) = preSolution
		HideSolutionNode = FALSE
	EndGlobalSection
	GlobalSection(ExtensibilityGlobals) = postSolution
		SolutionGuid = {DBE57BE3-0F2D-4148-B7F5-503ECAD6660F}
	EndGlobalSection
EndGlobal
